
Microsoft Visual Studio Solution File, Format Version 12.00
# Visual Studio Version 18
VisualStudioVersion = 18.2.11415.280 d18.0
MinimumVisualStudioVersion = 10.0.40219.1
Project("{FAE04EC0-301F-11D3-BF4B-00C04F79EFBC}") = "Collectionpractice", "Collectionpractice.csproj", "{8D0042C4-A28B-B9E1-CA99-6A75AD5D30E2}"
EndProject
Global
	GlobalSection(SolutionConfigurationPlatforms) = preSolution
		Debug|Any CPU = Debug|Any CPU
		Release|Any CPU = Release|Any CPU
	EndGlobalSection
	GlobalSection(ProjectConfigurationPlatforms) = postSolution
		{8D0042C4-A28B-B9E1-CA99-6A75AD5D30E2}.Debug|Any CPU.ActiveCfg = Debug|Any CPU
		{8D0042C4-A28B-B9E1-CA99-6A75AD5D30E2}.Debug|Any CPU.Build.0 = Debug|Any CPU
		{8D0042C4-A28B-B9E1-CA99-6A75AD5D30E2}.Release|Any CPU.ActiveCfg = Release|Any CPU
		{8D0042C4-A28B-B9E1-CA99-6A75AD5D30E2}.Release|Any CPU.Build.0 = Release|Any CPU
	EndGlobalSection
	GlobalSection(SolutionProperties) = preSolution
		HideSolutionNode = FALSE
	EndGlobalSection
	GlobalSection(ExtensibilityGlobals) = postSolution
		SolutionGuid = {D3A55F9D-7A8A-44CD-9FC1-BE626276E3C5}
	EndGlobalSection
EndGlobal
